// !$*UTF8*$!
{
	archiveVersion = 1;
	classes = {
	};
	objectVersion = 50;
	objects = {

/* Begin PBXBuildFile section */
		9BBCAB4623EE01750069AC3D /* AppDelegate.swift in Sources */ = {isa = PBXBuildFile; fileRef = 9BBCAB4523EE01750069AC3D /* AppDelegate.swift */; };
		9BBCAB4823EE01750069AC3D /* SceneDelegate.swift in Sources */ = {isa = PBXBuildFile; fileRef = 9BBCAB4723EE01750069AC3D /* SceneDelegate.swift */; };
		9BBCAB4A23EE01750069AC3D /* ViewController.swift in Sources */ = {isa = PBXBuildFile; fileRef = 9BBCAB4923EE01750069AC3D /* ViewController.swift */; };
		9BBCAB4D23EE01750069AC3D /* Main.storyboard in Resources */ = {isa = PBXBuildFile; fileRef = 9BBCAB4B23EE01750069AC3D /* Main.storyboard */; };
		9BBCAB4F23EE01760069AC3D /* Assets.xcassets in Resources */ = {isa = PBXBuildFile; fileRef = 9BBCAB4E23EE01760069AC3D /* Assets.xcassets */; };
		9BBCAB5223EE01760069AC3D /* LaunchScreen.storyboard in Resources */ = {isa = PBXBuildFile; fileRef = 9BBCAB5023EE01760069AC3D /* LaunchScreen.storyboard */; };
		9BBCAB5D23EE01760069AC3D /* FlixTests.swift in Sources */ = {isa = PBXBuildFile; fileRef = 9BBCAB5C23EE01760069AC3D /* FlixTests.swift */; };
		9BBCAB6823EE01760069AC3D /* FlixUITests.swift in Sources */ = {isa = PBXBuildFile; fileRef = 9BBCAB6723EE01760069AC3D /* FlixUITests.swift */; };
/* End PBXBuildFile section */

/* Begin PBXContainerItemProxy section */
		9BBCAB5923EE01760069AC3D /* PBXContainerItemProxy */ = {
			isa = PBXContainerItemProxy;
			containerPortal = 9BBCAB3A23EE01750069AC3D /* Project object */;
			proxyType = 1;
			remoteGlobalIDString = 9BBCAB4123EE01750069AC3D;
			remoteInfo = Flix;
		};
		9BBCAB6423EE01760069AC3D /* PBXContainerItemProxy */ = {
			isa = PBXContainerItemProxy;
			containerPortal = 9BBCAB3A23EE01750069AC3D /* Project object */;
			proxyType = 1;
			remoteGlobalIDString = 9BBCAB4123EE01750069AC3D;
			remoteInfo = Flix;
		};
/* End PBXContainerItemProxy section */

/* Begin PBXFileReference section */
		9BBCAB4223EE01750069AC3D /* Flix.app */ = {isa = PBXFileReference; explicitFileType = wrapper.application; includeInIndex = 0; path = Flix.app; sourceTree = BUILT_PRODUCTS_DIR; };
		9BBCAB4523EE01750069AC3D /* AppDelegate.swift */ = {isa = PBXFileReference; lastKnownFileType = sourcecode.swift; path = AppDelegate.swift; sourceTree = "<group>"; };
		9BBCAB4723EE01750069AC3D /* SceneDelegate.swift */ = {isa = PBXFileReference; lastKnownFileType = sourcecode.swift; path = SceneDelegate.swift; sourceTree = "<group>"; };
		9BBCAB4923EE01750069AC3D /* ViewController.swift */ = {isa = PBXFileReference; lastKnownFileType = sourcecode.swift; path = ViewController.swift; sourceTree = "<group>"; };
		9BBCAB4C23EE01750069AC3D /* Base */ = {isa = PBXFileReference; lastKnownFileType = file.storyboard; name = Base; path = Base.lproj/Main.storyboard; sourceTree = "<group>"; };
		9BBCAB4E23EE01760069AC3D /* Assets.xcassets */ = {isa = PBXFileReference; lastKnownFileType = folder.assetcatalog; path = Assets.xcassets; sourceTree = "<group>"; };
		9BBCAB5123EE01760069AC3D /* Base */ = {isa = PBXFileReference; lastKnownFileType = file.storyboard; name = Base; path = Base.lproj/LaunchScreen.storyboard; sourceTree = "<group>"; };
		9BBCAB5323EE01760069AC3D /* Info.plist */ = {isa = PBXFileReference; lastKnownFileType = text.plist.xml; path = Info.plist; sourceTree = "<group>"; };
		9BBCAB5823EE01760069AC3D /* FlixTests.xctest */ = {isa = PBXFileReference; explicitFileType = wrapper.cfbundle; includeInIndex = 0; path = FlixTests.xctest; sourceTree = BUILT_PRODUCTS_DIR; };
		9BBCAB5C23EE01760069AC3D /* FlixTests.swift */ = {isa = PBXFileReference; lastKnownFileType = sourcecode.swift; path = FlixTests.swift; sourceTree = "<group>"; };
		9BBCAB5E23EE01760069AC3D /* Info.plist */ = {isa = PBXFileReference; lastKnownFileType = text.plist.xml; path = Info.plist; sourceTree = "<group>"; };
		9BBCAB6323EE01760069AC3D /* FlixUITests.xctest */ = {isa = PBXFileReference; explicitFileType = wrapper.cfbundle; includeInIndex = 0; path = FlixUITests.xctest; sourceTree = BUILT_PRODUCTS_DIR; };
		9BBCAB6723EE01760069AC3D /* FlixUITests.swift */ = {isa = PBXFileReference; lastKnownFileType = sourcecode.swift; path = FlixUITests.swift; sourceTree = "<group>"; };
		9BBCAB6923EE01760069AC3D /* Info.plist */ = {isa = PBXFileReference; lastKnownFileType = text.plist.xml; path = Info.plist; sourceTree = "<group>"; };
/* End PBXFileReference section */

/* Begin PBXFrameworksBuildPhase section */
		9BBCAB3F23EE01750069AC3D /* Frameworks */ = {
			isa = PBXFrameworksBuildPhase;
			buildActionMask = 2147483647;
			files = (
			);
			runOnlyForDeploymentPostprocessing = 0;
		};
		9BBCAB5523EE01760069AC3D /* Frameworks */ = {
			isa = PBXFrameworksBuildPhase;
			buildActionMask = 2147483647;
			files = (
			);
			runOnlyForDeploymentPostprocessing = 0;
		};
		9BBCAB6023EE01760069AC3D /* Frameworks */ = {
			isa = PBXFrameworksBuildPhase;
			buildActionMask = 2147483647;
			files = (
			);
			runOnlyForDeploymentPostprocessing = 0;
		};
/* End PBXFrameworksBuildPhase section */

/* Begin PBXGroup section */
		9BBCAB3923EE01750069AC3D = {
			isa = PBXGroup;
			children = (
				9BBCAB4423EE01750069AC3D /* Flix */,
				9BBCAB5B23EE01760069AC3D /* FlixTests */,
				9BBCAB6623EE01760069AC3D /* FlixUITests */,
				9BBCAB4323EE01750069AC3D /* Products */,
			);
			sourceTree = "<group>";
		};
		9BBCAB4323EE01750069AC3D /* Products */ = {
			isa = PBXGroup;
			children = (
				9BBCAB4223EE01750069AC3D /* Flix.app */,
				9BBCAB5823EE01760069AC3D /* FlixTests.xctest */,
				9BBCAB6323EE01760069AC3D /* FlixUITests.xctest */,
			);
			name = Products;
			sourceTree = "<group>";
		};
		9BBCAB4423EE01750069AC3D /* Flix */ = {
			isa = PBXGroup;
			children = (
				9BBCAB4523EE01750069AC3D /* AppDelegate.swift */,
				9BBCAB4723EE01750069AC3D /* SceneDelegate.swift */,
				9BBCAB4923EE01750069AC3D /* ViewController.swift */,
				9BBCAB4B23EE01750069AC3D /* Main.storyboard */,
				9BBCAB4E23EE01760069AC3D /* Assets.xcassets */,
				9BBCAB5023EE01760069AC3D /* LaunchScreen.storyboard */,
				9BBCAB5323EE01760069AC3D /* Info.plist */,
			);
			path = Flix;
			sourceTree = "<group>";
		};
		9BBCAB5B23EE01760069AC3D /* FlixTests */ = {
			isa = PBXGroup;
			children = (
				9BBCAB5C23EE01760069AC3D /* FlixTests.swift */,
				9BBCAB5E23EE01760069AC3D /* Info.plist */,
			);
			path = FlixTests;
			sourceTree = "<group>";
		};
		9BBCAB6623EE01760069AC3D /* FlixUITests */ = {
			isa = PBXGroup;
			children = (
				9BBCAB6723EE01760069AC3D /* FlixUITests.swift */,
				9BBCAB6923EE01760069AC3D /* Info.plist */,
			);
			path = FlixUITests;
			sourceTree = "<group>";
		};
/* End PBXGroup section */

/* Begin PBXNativeTarget section */
		9BBCAB4123EE01750069AC3D /* Flix */ = {
			isa = PBXNativeTarget;
			buildConfigurationList = 9BBCAB6C23EE01760069AC3D /* Build configuration list for PBXNativeTarget "Flix" */;
			buildPhases = (
				9BBCAB3E23EE01750069AC3D /* Sources */,
				9BBCAB3F23EE01750069AC3D /* Frameworks */,
				9BBCAB4023EE01750069AC3D /* Resources */,
			);
			buildRules = (
			);
			dependencies = (
			);
			name = Flix;
			productName = Flix;
			productReference = 9BBCAB4223EE01750069AC3D /* Flix.app */;
			productType = "com.apple.product-type.application";
		};
		9BBCAB5723EE01760069AC3D /* FlixTests */ = {
			isa = PBXNativeTarget;
			buildConfigurationList = 9BBCAB6F23EE01760069AC3D /* Build configuration list for PBXNativeTarget "FlixTests" */;
			buildPhases = (
				9BBCAB5423EE01760069AC3D /* Sources */,
				9BBCAB5523EE01760069AC3D /* Frameworks */,
				9BBCAB5623EE01760069AC3D /* Resources */,
			);
			buildRules = (
			);
			dependencies = (
				9BBCAB5A23EE01760069AC3D /* PBXTargetDependency */,
			);
			name = FlixTests;
			productName = FlixTests;
			productReference = 9BBCAB5823EE01760069AC3D /* FlixTests.xctest */;
			productType = "com.apple.product-type.bundle.unit-test";
		};
		9BBCAB6223EE01760069AC3D /* FlixUITests */ = {
			isa = PBXNativeTarget;
			buildConfigurationList = 9BBCAB7223EE01760069AC3D /* Build configuration list for PBXNativeTarget "FlixUITests" */;
			buildPhases = (
				9BBCAB5F23EE01760069AC3D /* Sources */,
				9BBCAB6023EE01760069AC3D /* Frameworks */,
				9BBCAB6123EE01760069AC3D /* Resources */,
			);
			buildRules = (
			);
			dependencies = (
				9BBCAB6523EE01760069AC3D /* PBXTargetDependency */,
			);
			name = FlixUITests;
			productName = FlixUITests;
			productReference = 9BBCAB6323EE01760069AC3D /* FlixUITests.xctest */;
			productType = "com.apple.product-type.bundle.ui-testing";
		};
/* End PBXNativeTarget section */

/* Begin PBXProject section */
		9BBCAB3A23EE01750069AC3D /* Project object */ = {
			isa = PBXProject;
			attributes = {
				LastSwiftUpdateCheck = 1130;
				LastUpgradeCheck = 1130;
				ORGANIZATIONNAME = "Amanuel Tesfazgi Tesfamichael";
				TargetAttributes = {
					9BBCAB4123EE01750069AC3D = {
						CreatedOnToolsVersion = 11.3.1;
					};
					9BBCAB5723EE01760069AC3D = {
						CreatedOnToolsVersion = 11.3.1;
						TestTargetID = 9BBCAB4123EE01750069AC3D;
					};
					9BBCAB6223EE01760069AC3D = {
						CreatedOnToolsVersion = 11.3.1;
						TestTargetID = 9BBCAB4123EE01750069AC3D;
					};
				};
			};
			buildConfigurationList = 9BBCAB3D23EE01750069AC3D /* Build configuration list for PBXProject "Flix" */;
			compatibilityVersion = "Xcode 9.3";
			developmentRegion = en;
			hasScannedForEncodings = 0;
			knownRegions = (
				en,
				Base,
			);
			mainGroup = 9BBCAB3923EE01750069AC3D;
			productRefGroup = 9BBCAB4323EE01750069AC3D /* Products */;
			projectDirPath = "";
			projectRoot = "";
			targets = (
				9BBCAB4123EE01750069AC3D /* Flix */,
				9BBCAB5723EE01760069AC3D /* FlixTests */,
				9BBCAB6223EE01760069AC3D /* FlixUITests */,
			);
		};
/* End PBXProject section */

/* Begin PBXResourcesBuildPhase section */
		9BBCAB4023EE01750069AC3D /* Resources */ = {
			isa = PBXResourcesBuildPhase;
			buildActionMask = 2147483647;
			files = (
				9BBCAB5223EE01760069AC3D /* LaunchScreen.storyboard in Resources */,
				9BBCAB4F23EE01760069AC3D /* Assets.xcassets in Resources */,
				9BBCAB4D23EE01750069AC3D /* Main.storyboard in Resources */,
			);
			runOnlyForDeploymentPostprocessing = 0;
		};
		9BBCAB5623EE01760069AC3D /* Resources */ = {
			isa = PBXResourcesBuildPhase;
			buildActionMask = 2147483647;
			files = (
			);
			runOnlyForDeploymentPostprocessing = 0;
		};
		9BBCAB6123EE01760069AC3D /* Resources */ = {
			isa = PBXResourcesBuildPhase;
			buildActionMask = 2147483647;
			files = (
			);
			runOnlyForDeploymentPostprocessing = 0;
		};
/* End PBXResourcesBuildPhase section */

/* Begin PBXSourcesBuildPhase section */
		9BBCAB3E23EE01750069AC3D /* Sources */ = {
			isa = PBXSourcesBuildPhase;
			buildActionMask = 2147483647;
			files = (
				9BBCAB4A23EE01750069AC3D /* ViewController.swift in Sources */,
				9BBCAB4623EE01750069AC3D /* AppDelegate.swift in Sources */,
				9BBCAB4823EE01750069AC3D /* SceneDelegate.swift in Sources */,
			);
			runOnlyForDeploymentPostprocessing = 0;
		};
		9BBCAB5423EE01760069AC3D /* Sources */ = {
			isa = PBXSourcesBuildPhase;
			buildActionMask = 2147483647;
			files = (
				9BBCAB5D23EE01760069AC3D /* FlixTests.swift in Sources */,
			);
			runOnlyForDeploymentPostprocessing = 0;
		};
		9BBCAB5F23EE01760069AC3D /* Sources */ = {
			isa = PBXSourcesBuildPhase;
			buildActionMask = 2147483647;
			files = (
				9BBCAB6823EE01760069AC3D /* FlixUITests.swift in Sources */,
			);
			runOnlyForDeploymentPostprocessing = 0;
		};
/* End PBXSourcesBuildPhase section */

/* Begin PBXTargetDependency section */
		9BBCAB5A23EE01760069AC3D /* PBXTargetDependency */ = {
			isa = PBXTargetDependency;
			target = 9BBCAB4123EE01750069AC3D /* Flix */;
			targetProxy = 9BBCAB5923EE01760069AC3D /* PBXContainerItemProxy */;
		};
		9BBCAB6523EE01760069AC3D /* PBXTargetDependency */ = {
			isa = PBXTargetDependency;
			target = 9BBCAB4123EE01750069AC3D /* Flix */;
			targetProxy = 9BBCAB6423EE01760069AC3D /* PBXContainerItemProxy */;
		};
/* End PBXTargetDependency section */

/* Begin PBXVariantGroup section */
		9BBCAB4B23EE01750069AC3D /* Main.storyboard */ = {
			isa = PBXVariantGroup;
			children = (
				9BBCAB4C23EE01750069AC3D /* Base */,
			);
			name = Main.storyboard;
			sourceTree = "<group>";
		};
		9BBCAB5023EE01760069AC3D /* LaunchScreen.storyboard */ = {
			isa = PBXVariantGroup;
			children = (
				9BBCAB5123EE01760069AC3D /* Base */,
			);
			name = LaunchScreen.storyboard;
			sourceTree = "<group>";
		};
/* End PBXVariantGroup section */

/* Begin XCBuildConfiguration section */
		9BBCAB6A23EE01760069AC3D /* Debug */ = {
			isa = XCBuildConfiguration;
			buildSettings = {
				ALWAYS_SEARCH_USER_PATHS = NO;
				CLANG_ANALYZER_NONNULL = YES;
				CLANG_ANALYZER_NUMBER_OBJECT_CONVERSION = YES_AGGRESSIVE;
				CLANG_CXX_LANGUAGE_STANDARD = "gnu++14";
				CLANG_CXX_LIBRARY = "libc++";
				CLANG_ENABLE_MODULES = YES;
				CLANG_ENABLE_OBJC_ARC = YES;
				CLANG_ENABLE_OBJC_WEAK = YES;
				CLANG_WARN_BLOCK_CAPTURE_AUTORELEASING = YES;
				CLANG_WARN_BOOL_CONVERSION = YES;
				CLANG_WARN_COMMA = YES;
				CLANG_WARN_CONSTANT_CONVERSION = YES;
				CLANG_WARN_DEPRECATED_OBJC_IMPLEMENTATIONS = YES;
				CLANG_WARN_DIRECT_OBJC_ISA_USAGE = YES_ERROR;
				CLANG_WARN_DOCUMENTATION_COMMENTS = YES;
				CLANG_WARN_EMPTY_BODY = YES;
				CLANG_WARN_ENUM_CONVERSION = YES;
				CLANG_WARN_INFINITE_RECURSION = YES;
				CLANG_WARN_INT_CONVERSION = YES;
				CLANG_WARN_NON_LITERAL_NULL_CONVERSION = YES;
				CLANG_WARN_OBJC_IMPLICIT_RETAIN_SELF = YES;
				CLANG_WARN_OBJC_LITERAL_CONVERSION = YES;
				CLANG_WARN_OBJC_ROOT_CLASS = YES_ERROR;
				CLANG_WARN_RANGE_LOOP_ANALYSIS = YES;
				CLANG_WARN_STRICT_PROTOTYPES = YES;
				CLANG_WARN_SUSPICIOUS_MOVE = YES;
				CLANG_WARN_UNGUARDED_AVAILABILITY = YES_AGGRESSIVE;
				CLANG_WARN_UNREACHABLE_CODE = YES;
				CLANG_WARN__DUPLICATE_METHOD_MATCH = YES;
				COPY_PHASE_STRIP = NO;
				DEBUG_INFORMATION_FORMAT = dwarf;
				ENABLE_STRICT_OBJC_MSGSEND = YES;
				ENABLE_TESTABILITY = YES;
				GCC_C_LANGUAGE_STANDARD = gnu11;
				GCC_DYNAMIC_NO_PIC = NO;
				GCC_NO_COMMON_BLOCKS = YES;
				GCC_OPTIMIZATION_LEVEL = 0;
				GCC_PREPROCESSOR_DEFINITIONS = (
					"DEBUG=1",
					"$(inherited)",
				);
				GCC_WARN_64_TO_32_BIT_CONVERSION = YES;
				GCC_WARN_ABOUT_RETURN_TYPE = YES_ERROR;
				GCC_WARN_UNDECLARED_SELECTOR = YES;
				GCC_WARN_UNINITIALIZED_AUTOS = YES_AGGRESSIVE;
				GCC_WARN_UNUSED_FUNCTION = YES;
				GCC_WARN_UNUSED_VARIABLE = YES;
				IPHONEOS_DEPLOYMENT_TARGET = 13.2;
				MTL_ENABLE_DEBUG_INFO = INCLUDE_SOURCE;
				MTL_FAST_MATH = YES;
				ONLY_ACTIVE_ARCH = YES;
				SDKROOT = iphoneos;
				SWIFT_ACTIVE_COMPILATION_CONDITIONS = DEBUG;
				SWIFT_OPTIMIZATION_LEVEL = "-Onone";
			};
			name = Debug;
		};
		9BBCAB6B23EE01760069AC3D /* Release */ = {
			isa = XCBuildConfiguration;
			buildSettings = {
				ALWAYS_SEARCH_USER_PATHS = NO;
				CLANG_ANALYZER_NONNULL = YES;
				CLANG_ANALYZER_NUMBER_OBJECT_CONVERSION = YES_AGGRESSIVE;
				CLANG_CXX_LANGUAGE_STANDARD = "gnu++14";
				CLANG_CXX_LIBRARY = "libc++";
				CLANG_ENABLE_MODULES = YES;
				CLANG_ENABLE_OBJC_ARC = YES;
				CLANG_ENABLE_OBJC_WEAK = YES;
				CLANG_WARN_BLOCK_CAPTURE_AUTORELEASING = YES;
				CLANG_WARN_BOOL_CONVERSION = YES;
				CLANG_WARN_COMMA = YES;
				CLANG_WARN_CONSTANT_CONVERSION = YES;
				CLANG_WARN_DEPRECATED_OBJC_IMPLEMENTATIONS = YES;
				CLANG_WARN_DIRECT_OBJC_ISA_USAGE = YES_ERROR;
				CLANG_WARN_DOCUMENTATION_COMMENTS = YES;
				CLANG_WARN_EMPTY_BODY = YES;
				CLANG_WARN_ENUM_CONVERSION = YES;
				CLANG_WARN_INFINITE_RECURSION = YES;
				CLANG_WARN_INT_CONVERSION = YES;
				CLANG_WARN_NON_LITERAL_NULL_CONVERSION = YES;
				CLANG_WARN_OBJC_IMPLICIT_RETAIN_SELF = YES;
				CLANG_WARN_OBJC_LITERAL_CONVERSION = YES;
				CLANG_WARN_OBJC_ROOT_CLASS = YES_ERROR;
				CLANG_WARN_RANGE_LOOP_ANALYSIS = YES;
				CLANG_WARN_STRICT_PROTOTYPES = YES;
				CLANG_WARN_SUSPICIOUS_MOVE = YES;
				CLANG_WARN_UNGUARDED_AVAILABILITY = YES_AGGRESSIVE;
				CLANG_WARN_UNREACHABLE_CODE = YES;
				CLANG_WARN__DUPLICATE_METHOD_MATCH = YES;
				COPY_PHASE_STRIP = NO;
				DEBUG_INFORMATION_FORMAT = "dwarf-with-dsym";
				ENABLE_NS_ASSERTIONS = NO;
				ENABLE_STRICT_OBJC_MSGSEND = YES;
				GCC_C_LANGUAGE_STANDARD = gnu11;
				GCC_NO_COMMON_BLOCKS = YES;
				GCC_WARN_64_TO_32_BIT_CONVERSION = YES;
				GCC_WARN_ABOUT_RETURN_TYPE = YES_ERROR;
				GCC_WARN_UNDECLARED_SELECTOR = YES;
				GCC_WARN_UNINITIALIZED_AUTOS = YES_AGGRESSIVE;
				GCC_WARN_UNUSED_FUNCTION = YES;
				GCC_WARN_UNUSED_VARIABLE = YES;
				IPHONEOS_DEPLOYMENT_TARGET = 13.2;
				MTL_ENABLE_DEBUG_INFO = NO;
				MTL_FAST_MATH = YES;
				SDKROOT = iphoneos;
				SWIFT_COMPILATION_MODE = wholemodule;
				SWIFT_OPTIMIZATION_LEVEL = "-O";
				VALIDATE_PRODUCT = YES;
			};
			name = Release;
		};
		9BBCAB6D23EE01760069AC3D /* Debug */ = {
			isa = XCBuildConfiguration;
			buildSettings = {
				ASSETCATALOG_COMPILER_APPICON_NAME = AppIcon;
				CODE_SIGN_STYLE = Automatic;
				INFOPLIST_FILE = Flix/Info.plist;
				LD_RUNPATH_SEARCH_PATHS = (
					"$(inherited)",
					"@executable_path/Frameworks",
				);
				PRODUCT_BUNDLE_IDENTIFIER = ICU.Flix;
				PRODUCT_NAME = "$(TARGET_NAME)";
				SWIFT_VERSION = 5.0;
				TARGETED_DEVICE_FAMILY = "1,2";
			};
			name = Debug;
		};
		9BBCAB6E23EE01760069AC3D /* Release */ = {
			isa = XCBuildConfiguration;
			buildSettings = {
				ASSETCATALOG_COMPILER_APPICON_NAME = AppIcon;
				CODE_SIGN_STYLE = Automatic;
				INFOPLIST_FILE = Flix/Info.plist;
				LD_RUNPATH_SEARCH_PATHS = (
					"$(inherited)",
					"@executable_path/Frameworks",
				);
				PRODUCT_BUNDLE_IDENTIFIER = ICU.Flix;
				PRODUCT_NAME = "$(TARGET_NAME)";
				SWIFT_VERSION = 5.0;
				TARGETED_DEVICE_FAMILY = "1,2";
			};
			name = Release;
		};
		9BBCAB7023EE01760069AC3D /* Debug */ = {
			isa = XCBuildConfiguration;
			buildSettings = {
				ALWAYS_EMBED_SWIFT_STANDARD_LIBRARIES = YES;
				BUNDLE_LOADER = "$(TEST_HOST)";
				CODE_SIGN_STYLE = Automatic;
				INFOPLIST_FILE = FlixTests/Info.plist;
				IPHONEOS_DEPLOYMENT_TARGET = 13.2;
				LD_RUNPATH_SEARCH_PATHS = (
					"$(inherited)",
					"@executable_path/Frameworks",
					"@loader_path/Frameworks",
				);
				PRODUCT_BUNDLE_IDENTIFIER = ICU.FlixTests;
				PRODUCT_NAME = "$(TARGET_NAME)";
				SWIFT_VERSION = 5.0;
				TARGETED_DEVICE_FAMILY = "1,2";
				TEST_HOST = "$(BUILT_PRODUCTS_DIR)/Flix.app/Flix";
			};
			name = Debug;
		};
		9BBCAB7123EE01760069AC3D /* Release */ = {
			isa = XCBuildConfiguration;
			buildSettings = {
				ALWAYS_EMBED_SWIFT_STANDARD_LIBRARIES = YES;
				BUNDLE_LOADER = "$(TEST_HOST)";
				CODE_SIGN_STYLE = Automatic;
				INFOPLIST_FILE = FlixTests/Info.plist;
				IPHONEOS_DEPLOYMENT_TARGET = 13.2;
				LD_RUNPATH_SEARCH_PATHS = (
					"$(inherited)",
					"@executable_path/Frameworks",
					"@loader_path/Frameworks",
				);
				PRODUCT_BUNDLE_IDENTIFIER = ICU.FlixTests;
				PRODUCT_NAME = "$(TARGET_NAME)";
				SWIFT_VERSION = 5.0;
				TARGETED_DEVICE_FAMILY = "1,2";
				TEST_HOST = "$(BUILT_PRODUCTS_DIR)/Flix.app/Flix";
			};
			name = Release;
		};
		9BBCAB7323EE01760069AC3D /* Debug */ = {
			isa = XCBuildConfiguration;
			buildSettings = {
				ALWAYS_EMBED_SWIFT_STANDARD_LIBRARIES = YES;
				CODE_SIGN_STYLE = Automatic;
				INFOPLIST_FILE = FlixUITests/Info.plist;
				LD_RUNPATH_SEARCH_PATHS = (
					"$(inherited)",
					"@executable_path/Frameworks",
					"@loader_path/Frameworks",
				);
				PRODUCT_BUNDLE_IDENTIFIER = ICU.FlixUITests;
				PRODUCT_NAME = "$(TARGET_NAME)";
				SWIFT_VERSION = 5.0;
				TARGETED_DEVICE_FAMILY = "1,2";
				TEST_TARGET_NAME = Flix;
			};
			name = Debug;
		};
		9BBCAB7423EE01760069AC3D /* Release */ = {
			isa = XCBuildConfiguration;
			buildSettings = {
				ALWAYS_EMBED_SWIFT_STANDARD_LIBRARIES = YES;
				CODE_SIGN_STYLE = Automatic;
				INFOPLIST_FILE = FlixUITests/Info.plist;
				LD_RUNPATH_SEARCH_PATHS = (
					"$(inherited)",
					"@executable_path/Frameworks",
					"@loader_path/Frameworks",
				);
				PRODUCT_BUNDLE_IDENTIFIER = ICU.FlixUITests;
				PRODUCT_NAME = "$(TARGET_NAME)";
				SWIFT_VERSION = 5.0;
				TARGETED_DEVICE_FAMILY = "1,2";
				TEST_TARGET_NAME = Flix;
			};
			name = Release;
		};
/* End XCBuildConfiguration section */

/* Begin XCConfigurationList section */
		9BBCAB3D23EE01750069AC3D /* Build configuration list for PBXProject "Flix" */ = {
			isa = XCConfigurationList;
			buildConfigurations = (
				9BBCAB6A23EE01760069AC3D /* Debug */,
				9BBCAB6B23EE01760069AC3D /* Release */,
			);
			defaultConfigurationIsVisible = 0;
			defaultConfigurationName = Release;
		};
		9BBCAB6C23EE01760069AC3D /* Build configuration list for PBXNativeTarget "Flix" */ = {
			isa = XCConfigurationList;
			buildConfigurations = (
				9BBCAB6D23EE01760069AC3D /* Debug */,
				9BBCAB6E23EE01760069AC3D /* Release */,
			);
			defaultConfigurationIsVisible = 0;
			defaultConfigurationName = Release;
		};
		9BBCAB6F23EE01760069AC3D /* Build configuration list for PBXNativeTarget "FlixTests" */ = {
			isa = XCConfigurationList;
			buildConfigurations = (
				9BBCAB7023EE01760069AC3D /* Debug */,
				9BBCAB7123EE01760069AC3D /* Release */,
			);
			defaultConfigurationIsVisible = 0;
			defaultConfigurationName = Release;
		};
		9BBCAB7223EE01760069AC3D /* Build configuration list for PBXNativeTarget "FlixUITests" */ = {
			isa = XCConfigurationList;
			buildConfigurations = (
				9BBCAB7323EE01760069AC3D /* Debug */,
				9BBCAB7423EE01760069AC3D /* Release */,
			);
			defaultConfigurationIsVisible = 0;
			defaultConfigurationName = Release;
		};
/* End XCConfigurationList section */
	};
	rootObject = 9BBCAB3A23EE01750069AC3D /* Project object */;
}
